
Microsoft Visual Studio Solution File, Format Version 12.00
# Visual Studio Version 17
VisualStudioVersion = 17.3.32922.545
MinimumVisualStudioVersion = 10.0.40219.1
Project("{9A19103F-16F7-4668-BE54-9A1E7A4F7556}") = "webProgramming", "webProgramming\webProgramming.csproj", "{12F89E48-651D-4288-B05C-6F0D4B7C7E73}"
EndProject
Global
	GlobalSection(SolutionConfigurationPlatforms) = preSolution
		Debug|Any CPU = Debug|Any CPU
		Release|Any CPU = Release|Any CPU
	EndGlobalSection
	GlobalSection(ProjectConfigurationPlatforms) = postSolution
		{12F89E48-651D-4288-B05C-6F0D4B7C7E73}.Debug|Any CPU.ActiveCfg = Debug|Any CPU
		{12F89E48-651D-4288-B05C-6F0D4B7C7E73}.Debug|Any CPU.Build.0 = Debug|Any CPU
		{12F89E48-651D-4288-B05C-6F0D4B7C7E73}.Release|Any CPU.ActiveCfg = Release|Any CPU
		{12F89E48-651D-4288-B05C-6F0D4B7C7E73}.Release|Any CPU.Build.0 = Release|Any CPU
	EndGlobalSection
	GlobalSection(SolutionProperties) = preSolution
		HideSolutionNode = FALSE
	EndGlobalSection
	GlobalSection(ExtensibilityGlobals) = postSolution
		SolutionGuid = {4946B5CB-6073-4430-8264-2397317D410D}
	EndGlobalSection
EndGlobal
